
Microsoft Visual Studio Solution File, Format Version 12.00
# Visual Studio Version 17
VisualStudioVersion = 17.13.35919.96 d17.13
MinimumVisualStudioVersion = 10.0.40219.1
Project("{FAE04EC0-301F-11D3-BF4B-00C04F79EFBC}") = "LadeBrik", "LadeBrik\LadeBrik.csproj", "{C6C0F431-74B3-49CC-9574-A3473BDFFE5D}"
EndProject
Project("{FAE04EC0-301F-11D3-BF4B-00C04F79EFBC}") = "LadeBrikTests", "LadeBrikTests\LadeBrikTests.csproj", "{A9C0932F-CD55-4CC7-90F9-281835CEA25F}"
EndProject
Global
	GlobalSection(SolutionConfigurationPlatforms) = preSolution
		Debug|Any CPU = Debug|Any CPU
		Release|Any CPU = Release|Any CPU
	EndGlobalSection
	GlobalSection(ProjectConfigurationPlatforms) = postSolution
		{C6C0F431-74B3-49CC-9574-A3473BDFFE5D}.Debug|Any CPU.ActiveCfg = Debug|Any CPU
		{C6C0F431-74B3-49CC-9574-A3473BDFFE5D}.Debug|Any CPU.Build.0 = Debug|Any CPU
		{C6C0F431-74B3-49CC-9574-A3473BDFFE5D}.Release|Any CPU.ActiveCfg = Release|Any CPU
		{C6C0F431-74B3-49CC-9574-A3473BDFFE5D}.Release|Any CPU.Build.0 = Release|Any CPU
		{A9C0932F-CD55-4CC7-90F9-281835CEA25F}.Debug|Any CPU.ActiveCfg = Debug|Any CPU
		{A9C0932F-CD55-4CC7-90F9-281835CEA25F}.Debug|Any CPU.Build.0 = Debug|Any CPU
		{A9C0932F-CD55-4CC7-90F9-281835CEA25F}.Release|Any CPU.ActiveCfg = Release|Any CPU
		{A9C0932F-CD55-4CC7-90F9-281835CEA25F}.Release|Any CPU.Build.0 = Release|Any CPU
	EndGlobalSection
	GlobalSection(SolutionProperties) = preSolution
		HideSolutionNode = FALSE
	EndGlobalSection
	GlobalSection(ExtensibilityGlobals) = postSolution
		SolutionGuid = {7EA7548F-FDB8-4621-85F8-923147F95C55}
	EndGlobalSection
EndGlobal
